{
  "name": "drizzle-box",
  "version": "1.0.0",
  "lockfileVersion": 2,
  "requires": true,
  "packages": {
    "": {
      "name": "drizzle-box",
      "version": "1.0.0",
      "license": "ISC",
      "dependencies": {
        "@openzeppelin/contracts": "^2.4.0",
        "@rari-capital/solmate": "^6.2.0"
      }
    },
    "node_modules/@openzeppelin/contracts": {
      "version": "2.5.1",
      "resolved": "https://registry.npmjs.org/@openzeppelin/contracts/-/contracts-2.5.1.tgz",
      "integrity": "sha512-qIy6tLx8rtybEsIOAlrM4J/85s2q2nPkDqj/Rx46VakBZ0LwtFhXIVub96LXHczQX0vaqmAueDqNPXtbSXSaYQ=="
    },
    "node_modules/@rari-capital/solmate": {
      "version": "6.2.0",
      "resolved": "https://registry.npmjs.org/@rari-capital/solmate/-/solmate-6.2.0.tgz",
      "integrity": "sha512-g94F+Ra9ixyJyNgvnOIufNjUz488uEG0nxIEEtJ7+g+tA1XGUupRB2kB5b+VO7WYO26RNOVD2fW6xE4e14iWpg=="
    }
  },
  "dependencies": {
    "@openzeppelin/contracts": {
      "version": "2.5.1",
      "resolved": "https://registry.npmjs.org/@openzeppelin/contracts/-/contracts-2.5.1.tgz",
      "integrity": "sha512-qIy6tLx8rtybEsIOAlrM4J/85s2q2nPkDqj/Rx46VakBZ0LwtFhXIVub96LXHczQX0vaqmAueDqNPXtbSXSaYQ=="
    },
    "@rari-capital/solmate": {
      "version": "6.2.0",
      "resolved": "https://registry.npmjs.org/@rari-capital/solmate/-/solmate-6.2.0.tgz",
      "integrity": "sha512-g94F+Ra9ixyJyNgvnOIufNjUz488uEG0nxIEEtJ7+g+tA1XGUupRB2kB5b+VO7WYO26RNOVD2fW6xE4e14iWpg=="
    }
  }
}
